{
    "_readme": [
        "This file locks the dependencies of your project to a known state",
        "Read more about it at https://getcomposer.org/doc/01-basic-usage.md#installing-dependencies",
        "This file is @generated automatically"
    ],
    "content-hash": "9a16909abcc166db708949087746738c",
    "packages": [
        {
            "name": "spier/logger",
            "version": "1.0.3",
            "source": {
                "type": "git",
                "url": "https://github.com/rpurant/logger.git",
                "reference": "d383f6ae6ae42875f5ad33b1a37d6b5b62721410"
            },
            "dist": {
                "type": "zip",
                "url": "https://api.github.com/repos/rpurant/logger/zipball/d383f6ae6ae42875f5ad33b1a37d6b5b62721410",
                "reference": "d383f6ae6ae42875f5ad33b1a37d6b5b62721410",
                "shasum": ""
            },
            "require": {
                "php": ">=7.4"
            },
            "type": "library",
            "autoload": {
                "classmap": [
                    "src/"
                ]
            },
            "notification-url": "https://packagist.org/downloads/",
            "license": [
                "MIT"
            ],
            "authors": [
                {
                    "name": "rpurant",
                    "email": "rajpurant19@gmail.com"
                }
            ],
            "description": "This library will provide logger functionality.",
            "support": {
                "issues": "https://github.com/rpurant/logger/issues",
                "source": "https://github.com/rpurant/logger/tree/1.0.3"
            },
            "time": "2021-04-07T20:03:35+00:00"
        }
    ],
    "packages-dev": [],
    "aliases": [],
    "minimum-stability": "stable",
    "stability-flags": [],
    "prefer-stable": false,
    "prefer-lowest": false,
    "platform": {
        "php": ">=7.4"
    },
    "platform-dev": [],
    "plugin-api-version": "2.0.0"
}
